// !$*UTF8*$!
{
	archiveVersion = 1;
	classes = {
	};
	objectVersion = 46;
	objects = {

/* Begin PBXBuildFile section */
		B7A8BC8F1E5C27130017D904 /* main.m in Sources */ = {isa = PBXBuildFile; fileRef = B7A8BC8E1E5C27130017D904 /* main.m */; };
		B7A8BC921E5C27130017D904 /* AppDelegate.m in Sources */ = {isa = PBXBuildFile; fileRef = B7A8BC911E5C27130017D904 /* AppDelegate.m */; };
		B7A8BC951E5C27130017D904 /* ViewController.m in Sources */ = {isa = PBXBuildFile; fileRef = B7A8BC941E5C27130017D904 /* ViewController.m */; };
		B7A8BC981E5C27130017D904 /* Main.storyboard in Resources */ = {isa = PBXBuildFile; fileRef = B7A8BC961E5C27130017D904 /* Main.storyboard */; };
		B7A8BC9A1E5C27130017D904 /* Assets.xcassets in Resources */ = {isa = PBXBuildFile; fileRef = B7A8BC991E5C27130017D904 /* Assets.xcassets */; };
		B7A8BC9D1E5C27130017D904 /* LaunchScreen.storyboard in Resources */ = {isa = PBXBuildFile; fileRef = B7A8BC9B1E5C27130017D904 /* LaunchScreen.storyboard */; };
		B7C37F611E6D162A0076CD50 /* TestBundle.bundle in Resources */ = {isa = PBXBuildFile; fileRef = B7C37F601E6D162A0076CD50 /* TestBundle.bundle */; };
/* End PBXBuildFile section */

/* Begin PBXFileReference section */
		B7A8BC8A1E5C27130017D904 /* TestModuleDev2.app */ = {isa = PBXFileReference; explicitFileType = wrapper.application; includeInIndex = 0; path = TestModuleDev2.app; sourceTree = BUILT_PRODUCTS_DIR; };
		B7A8BC8E1E5C27130017D904 /* main.m */ = {isa = PBXFileReference; lastKnownFileType = sourcecode.c.objc; path = main.m; sourceTree = "<group>"; };
		B7A8BC901E5C27130017D904 /* AppDelegate.h */ = {isa = PBXFileReference; lastKnownFileType = sourcecode.c.h; path = AppDelegate.h; sourceTree = "<group>"; };
		B7A8BC911E5C27130017D904 /* AppDelegate.m */ = {isa = PBXFileReference; lastKnownFileType = sourcecode.c.objc; path = AppDelegate.m; sourceTree = "<group>"; };
		B7A8BC931E5C27130017D904 /* ViewController.h */ = {isa = PBXFileReference; lastKnownFileType = sourcecode.c.h; path = ViewController.h; sourceTree = "<group>"; };
		B7A8BC941E5C27130017D904 /* ViewController.m */ = {isa = PBXFileReference; lastKnownFileType = sourcecode.c.objc; path = ViewController.m; sourceTree = "<group>"; };
		B7A8BC971E5C27130017D904 /* Base */ = {isa = PBXFileReference; lastKnownFileType = file.storyboard; name = Base; path = Base.lproj/Main.storyboard; sourceTree = "<group>"; };
		B7A8BC991E5C27130017D904 /* Assets.xcassets */ = {isa = PBXFileReference; lastKnownFileType = folder.assetcatalog; path = Assets.xcassets; sourceTree = "<group>"; };
		B7A8BC9C1E5C27130017D904 /* Base */ = {isa = PBXFileReference; lastKnownFileType = file.storyboard; name = Base; path = Base.lproj/LaunchScreen.storyboard; sourceTree = "<group>"; };
		B7A8BC9E1E5C27130017D904 /* Info.plist */ = {isa = PBXFileReference; lastKnownFileType = text.plist.xml; path = Info.plist; sourceTree = "<group>"; };
		B7C37F601E6D162A0076CD50 /* TestBundle.bundle */ = {isa = PBXFileReference; lastKnownFileType = "wrapper.plug-in"; name = TestBundle.bundle; path = Resources/TestBundle.bundle; sourceTree = "<group>"; };
/* End PBXFileReference section */

/* Begin PBXFrameworksBuildPhase section */
		B7A8BC871E5C27130017D904 /* Frameworks */ = {
			isa = PBXFrameworksBuildPhase;
			buildActionMask = 2147483647;
			files = (
			);
			runOnlyForDeploymentPostprocessing = 0;
		};
/* End PBXFrameworksBuildPhase section */

/* Begin PBXGroup section */
		B7A8BC811E5C27130017D904 = {
			isa = PBXGroup;
			children = (
				B7A8BC8C1E5C27130017D904 /* TestModuleDev2 */,
				B7A8BC8B1E5C27130017D904 /* Products */,
			);
			sourceTree = "<group>";
		};
		B7A8BC8B1E5C27130017D904 /* Products */ = {
			isa = PBXGroup;
			children = (
				B7A8BC8A1E5C27130017D904 /* TestModuleDev2.app */,
			);
			name = Products;
			sourceTree = "<group>";
		};
		B7A8BC8C1E5C27130017D904 /* TestModuleDev2 */ = {
			isa = PBXGroup;
			children = (
				B7C37F601E6D162A0076CD50 /* TestBundle.bundle */,
				B7A8BC901E5C27130017D904 /* AppDelegate.h */,
				B7A8BC911E5C27130017D904 /* AppDelegate.m */,
				B7A8BC931E5C27130017D904 /* ViewController.h */,
				B7A8BC941E5C27130017D904 /* ViewController.m */,
				B7A8BC961E5C27130017D904 /* Main.storyboard */,
				B7A8BC991E5C27130017D904 /* Assets.xcassets */,
				B7A8BC9B1E5C27130017D904 /* LaunchScreen.storyboard */,
				B7A8BC9E1E5C27130017D904 /* Info.plist */,
				B7A8BC8D1E5C27130017D904 /* Supporting Files */,
			);
			path = TestModuleDev2;
			sourceTree = "<group>";
		};
		B7A8BC8D1E5C27130017D904 /* Supporting Files */ = {
			isa = PBXGroup;
			children = (
				B7A8BC8E1E5C27130017D904 /* main.m */,
			);
			name = "Supporting Files";
			sourceTree = "<group>";
		};
/* End PBXGroup section */

/* Begin PBXNativeTarget section */
		B7A8BC891E5C27130017D904 /* TestModuleDev2 */ = {
			isa = PBXNativeTarget;
			buildConfigurationList = B7A8BCB71E5C27140017D904 /* Build configuration list for PBXNativeTarget "TestModuleDev2" */;
			buildPhases = (
				B7A8BC861E5C27130017D904 /* Sources */,
				B7A8BC871E5C27130017D904 /* Frameworks */,
				B7A8BC881E5C27130017D904 /* Resources */,
			);
			buildRules = (
			);
			dependencies = (
			);
			name = TestModuleDev2;
			productName = TestModuleDev2;
			productReference = B7A8BC8A1E5C27130017D904 /* TestModuleDev2.app */;
			productType = "com.apple.product-type.application";
		};
/* End PBXNativeTarget section */

/* Begin PBXProject section */
		B7A8BC821E5C27130017D904 /* Project object */ = {
			isa = PBXProject;
			attributes = {
				LastUpgradeCheck = 0820;
				ORGANIZATIONNAME = HAI;
				TargetAttributes = {
					B7A8BC891E5C27130017D904 = {
						CreatedOnToolsVersion = 8.2;
						DevelopmentTeam = 68G9D2GE69;
						ProvisioningStyle = Automatic;
					};
				};
			};
			buildConfigurationList = B7A8BC851E5C27130017D904 /* Build configuration list for PBXProject "TestModuleDev2" */;
			compatibilityVersion = "Xcode 3.2";
			developmentRegion = English;
			hasScannedForEncodings = 0;
			knownRegions = (
				en,
				Base,
			);
			mainGroup = B7A8BC811E5C27130017D904;
			productRefGroup = B7A8BC8B1E5C27130017D904 /* Products */;
			projectDirPath = "";
			projectRoot = "";
			targets = (
				B7A8BC891E5C27130017D904 /* TestModuleDev2 */,
			);
		};
/* End PBXProject section */

/* Begin PBXResourcesBuildPhase section */
		B7A8BC881E5C27130017D904 /* Resources */ = {
			isa = PBXResourcesBuildPhase;
			buildActionMask = 2147483647;
			files = (
				B7A8BC9D1E5C27130017D904 /* LaunchScreen.storyboard in Resources */,
				B7A8BC9A1E5C27130017D904 /* Assets.xcassets in Resources */,
				B7A8BC981E5C27130017D904 /* Main.storyboard in Resources */,
				B7C37F611E6D162A0076CD50 /* TestBundle.bundle in Resources */,
			);
			runOnlyForDeploymentPostprocessing = 0;
		};
/* End PBXResourcesBuildPhase section */

/* Begin PBXSourcesBuildPhase section */
		B7A8BC861E5C27130017D904 /* Sources */ = {
			isa = PBXSourcesBuildPhase;
			buildActionMask = 2147483647;
			files = (
				B7A8BC951E5C27130017D904 /* ViewController.m in Sources */,
				B7A8BC921E5C27130017D904 /* AppDelegate.m in Sources */,
				B7A8BC8F1E5C27130017D904 /* main.m in Sources */,
			);
			runOnlyForDeploymentPostprocessing = 0;
		};
/* End PBXSourcesBuildPhase section */

/* Begin PBXVariantGroup section */
		B7A8BC961E5C27130017D904 /* Main.storyboard */ = {
			isa = PBXVariantGroup;
			children = (
				B7A8BC971E5C27130017D904 /* Base */,
			);
			name = Main.storyboard;
			sourceTree = "<group>";
		};
		B7A8BC9B1E5C27130017D904 /* LaunchScreen.storyboard */ = {
			isa = PBXVariantGroup;
			children = (
				B7A8BC9C1E5C27130017D904 /* Base */,
			);
			name = LaunchScreen.storyboard;
			sourceTree = "<group>";
		};
/* End PBXVariantGroup section */

/* Begin XCBuildConfiguration section */
		B7A8BCB51E5C27140017D904 /* Debug */ = {
			isa = XCBuildConfiguration;
			buildSettings = {
				ALWAYS_SEARCH_USER_PATHS = NO;
				CLANG_ANALYZER_NONNULL = YES;
				CLANG_CXX_LANGUAGE_STANDARD = "gnu++0x";
				CLANG_CXX_LIBRARY = "libc++";
				CLANG_ENABLE_MODULES = YES;
				CLANG_ENABLE_OBJC_ARC = YES;
				CLANG_WARN_BOOL_CONVERSION = YES;
				CLANG_WARN_CONSTANT_CONVERSION = YES;
				CLANG_WARN_DIRECT_OBJC_ISA_USAGE = YES_ERROR;
				CLANG_WARN_DOCUMENTATION_COMMENTS = YES;
				CLANG_WARN_EMPTY_BODY = YES;
				CLANG_WARN_ENUM_CONVERSION = YES;
				CLANG_WARN_INFINITE_RECURSION = YES;
				CLANG_WARN_INT_CONVERSION = YES;
				CLANG_WARN_OBJC_ROOT_CLASS = YES_ERROR;
				CLANG_WARN_SUSPICIOUS_MOVE = YES;
				CLANG_WARN_UNREACHABLE_CODE = YES;
				CLANG_WARN__DUPLICATE_METHOD_MATCH = YES;
				"CODE_SIGN_IDENTITY[sdk=iphoneos*]" = "iPhone Developer";
				COPY_PHASE_STRIP = NO;
				DEBUG_INFORMATION_FORMAT = dwarf;
				ENABLE_STRICT_OBJC_MSGSEND = YES;
				ENABLE_TESTABILITY = YES;
				GCC_C_LANGUAGE_STANDARD = gnu99;
				GCC_DYNAMIC_NO_PIC = NO;
				GCC_NO_COMMON_BLOCKS = YES;
				GCC_OPTIMIZATION_LEVEL = 0;
				GCC_PREPROCESSOR_DEFINITIONS = (
					"DEBUG=1",
					"$(inherited)",
				);
				GCC_WARN_64_TO_32_BIT_CONVERSION = YES;
				GCC_WARN_ABOUT_RETURN_TYPE = YES_ERROR;
				GCC_WARN_UNDECLARED_SELECTOR = YES;
				GCC_WARN_UNINITIALIZED_AUTOS = YES_AGGRESSIVE;
				GCC_WARN_UNUSED_FUNCTION = YES;
				GCC_WARN_UNUSED_VARIABLE = YES;
				IPHONEOS_DEPLOYMENT_TARGET = 8.0;
				MTL_ENABLE_DEBUG_INFO = YES;
				ONLY_ACTIVE_ARCH = YES;
				SDKROOT = iphoneos;
			};
			name = Debug;
		};
		B7A8BCB61E5C27140017D904 /* Release */ = {
			isa = XCBuildConfiguration;
			buildSettings = {
				ALWAYS_SEARCH_USER_PATHS = NO;
				CLANG_ANALYZER_NONNULL = YES;
				CLANG_CXX_LANGUAGE_STANDARD = "gnu++0x";
				CLANG_CXX_LIBRARY = "libc++";
				CLANG_ENABLE_MODULES = YES;
				CLANG_ENABLE_OBJC_ARC = YES;
				CLANG_WARN_BOOL_CONVERSION = YES;
				CLANG_WARN_CONSTANT_CONVERSION = YES;
				CLANG_WARN_DIRECT_OBJC_ISA_USAGE = YES_ERROR;
				CLANG_WARN_DOCUMENTATION_COMMENTS = YES;
				CLANG_WARN_EMPTY_BODY = YES;
				CLANG_WARN_ENUM_CONVERSION = YES;
				CLANG_WARN_INFINITE_RECURSION = YES;
				CLANG_WARN_INT_CONVERSION = YES;
				CLANG_WARN_OBJC_ROOT_CLASS = YES_ERROR;
				CLANG_WARN_SUSPICIOUS_MOVE = YES;
				CLANG_WARN_UNREACHABLE_CODE = YES;
				CLANG_WARN__DUPLICATE_METHOD_MATCH = YES;
				"CODE_SIGN_IDENTITY[sdk=iphoneos*]" = "iPhone Developer";
				COPY_PHASE_STRIP = NO;
				DEBUG_INFORMATION_FORMAT = "dwarf-with-dsym";
				ENABLE_NS_ASSERTIONS = NO;
				ENABLE_STRICT_OBJC_MSGSEND = YES;
				GCC_C_LANGUAGE_STANDARD = gnu99;
				GCC_NO_COMMON_BLOCKS = YES;
				GCC_WARN_64_TO_32_BIT_CONVERSION = YES;
				GCC_WARN_ABOUT_RETURN_TYPE = YES_ERROR;
				GCC_WARN_UNDECLARED_SELECTOR = YES;
				GCC_WARN_UNINITIALIZED_AUTOS = YES_AGGRESSIVE;
				GCC_WARN_UNUSED_FUNCTION = YES;
				GCC_WARN_UNUSED_VARIABLE = YES;
				IPHONEOS_DEPLOYMENT_TARGET = 8.0;
				MTL_ENABLE_DEBUG_INFO = NO;
				SDKROOT = iphoneos;
				VALIDATE_PRODUCT = YES;
			};
			name = Release;
		};
		B7A8BCB81E5C27140017D904 /* Debug */ = {
			isa = XCBuildConfiguration;
			buildSettings = {
				ASSETCATALOG_COMPILER_APPICON_NAME = AppIcon;
				DEVELOPMENT_TEAM = 68G9D2GE69;
				INFOPLIST_FILE = TestModuleDev2/Info.plist;
				LD_RUNPATH_SEARCH_PATHS = "$(inherited) @executable_path/Frameworks";
				PRODUCT_BUNDLE_IDENTIFIER = com.hai.TestModuleDev2;
				PRODUCT_NAME = "$(TARGET_NAME)";
			};
			name = Debug;
		};
		B7A8BCB91E5C27140017D904 /* Release */ = {
			isa = XCBuildConfiguration;
			buildSettings = {
				ASSETCATALOG_COMPILER_APPICON_NAME = AppIcon;
				DEVELOPMENT_TEAM = 68G9D2GE69;
				INFOPLIST_FILE = TestModuleDev2/Info.plist;
				LD_RUNPATH_SEARCH_PATHS = "$(inherited) @executable_path/Frameworks";
				PRODUCT_BUNDLE_IDENTIFIER = com.hai.TestModuleDev2;
				PRODUCT_NAME = "$(TARGET_NAME)";
			};
			name = Release;
		};
/* End XCBuildConfiguration section */

/* Begin XCConfigurationList section */
		B7A8BC851E5C27130017D904 /* Build configuration list for PBXProject "TestModuleDev2" */ = {
			isa = XCConfigurationList;
			buildConfigurations = (
				B7A8BCB51E5C27140017D904 /* Debug */,
				B7A8BCB61E5C27140017D904 /* Release */,
			);
			defaultConfigurationIsVisible = 0;
			defaultConfigurationName = Release;
		};
		B7A8BCB71E5C27140017D904 /* Build configuration list for PBXNativeTarget "TestModuleDev2" */ = {
			isa = XCConfigurationList;
			buildConfigurations = (
				B7A8BCB81E5C27140017D904 /* Debug */,
				B7A8BCB91E5C27140017D904 /* Release */,
			);
			defaultConfigurationIsVisible = 0;
			defaultConfigurationName = Release;
		};
/* End XCConfigurationList section */
	};
	rootObject = B7A8BC821E5C27130017D904 /* Project object */;
}
